{
  "name": "classroom",
  "lockfileVersion": 3,
  "requires": true,
  "packages": {
    "": {
      "dependencies": {
        "@google/generative-ai": "^0.24.1",
        "@huggingface/inference": "^3.12.1",
        "dotenv": "^16.5.0"
      }
    },
    "node_modules/@google/generative-ai": {
      "version": "0.24.1",
      "resolved": "https://registry.npmjs.org/@google/generative-ai/-/generative-ai-0.24.1.tgz",
      "integrity": "sha512-MqO+MLfM6kjxcKoy0p1wRzG3b4ZZXtPI+z2IE26UogS2Cm/XHO+7gGRBh6gcJsOiIVoH93UwKvW4HdgiOZCy9Q==",
      "license": "Apache-2.0",
      "engines": {
        "node": ">=18.0.0"
      }
    },
    "node_modules/@huggingface/inference": {
      "version": "3.12.1",
      "resolved": "https://registry.npmjs.org/@huggingface/inference/-/inference-3.12.1.tgz",
      "integrity": "sha512-gRnRHZkVAb7mzmPnLcFrttA17yZdUiz+xLqk19FBwCsCjBBlcDCXVIrZ3RW1DdZq297PB6m6t995600sDq3T6g==",
      "license": "MIT",
      "dependencies": {
        "@huggingface/jinja": "^0.4.1",
        "@huggingface/tasks": "^0.19.2"
      },
      "engines": {
        "node": ">=18"
      }
    },
    "node_modules/@huggingface/jinja": {
      "version": "0.4.1",
      "resolved": "https://registry.npmjs.org/@huggingface/jinja/-/jinja-0.4.1.tgz",
      "integrity": "sha512-3WXbMFaPkk03LRCM0z0sylmn8ddDm4ubjU7X+Hg4M2GOuMklwoGAFXp9V2keq7vltoB/c7McE5aHUVVddAewsw==",
      "license": "MIT",
      "engines": {
        "node": ">=18"
      }
    },
    "node_modules/@huggingface/tasks": {
      "version": "0.19.3",
      "resolved": "https://registry.npmjs.org/@huggingface/tasks/-/tasks-0.19.3.tgz",
      "integrity": "sha512-+wfh60cGucPRlesd9Q9BFKHqLPaYB4FbNbFonlVFBm+rTVkSLXBU3iiv/0MUofR3H2rhrRlKT5QQ5oSmr6BhsA==",
      "license": "MIT"
    },
    "node_modules/dotenv": {
      "version": "16.5.0",
      "resolved": "https://registry.npmjs.org/dotenv/-/dotenv-16.5.0.tgz",
      "integrity": "sha512-m/C+AwOAr9/W1UOIZUo232ejMNnJAJtYQjUbHoNTBNTJSvqzzDh7vnrei3o3r3m9blf6ZoDkvcw0VmozNRFJxg==",
      "license": "BSD-2-Clause",
      "engines": {
        "node": ">=12"
      },
      "funding": {
        "url": "https://dotenvx.com"
      }
    }
  }
}
