{
  "name": "embeddings",
  "lockfileVersion": 3,
  "requires": true,
  "packages": {
    "": {
      "dependencies": {
        "@huggingface/inference": "^3.6.2",
        "dotenv": "^16.4.7"
      }
    },
    "node_modules/@huggingface/inference": {
      "version": "3.6.2",
      "resolved": "https://registry.npmjs.org/@huggingface/inference/-/inference-3.6.2.tgz",
      "integrity": "sha512-FkJr8dOP8yFTxGFi+X/ylwG3qoCq/s8WI2A4Jg13RBX3voJWrzadpHLD/99EKZU7r35X4Mm6tKUev7dR2B/cTg==",
      "license": "MIT",
      "dependencies": {
        "@huggingface/jinja": "^0.3.3",
        "@huggingface/tasks": "^0.18.4"
      },
      "engines": {
        "node": ">=18"
      }
    },
    "node_modules/@huggingface/jinja": {
      "version": "0.3.3",
      "resolved": "https://registry.npmjs.org/@huggingface/jinja/-/jinja-0.3.3.tgz",
      "integrity": "sha512-vQQr2JyWvVFba3Lj9es4q9vCl1sAc74fdgnEMoX8qHrXtswap9ge9uO3ONDzQB0cQ0PUyaKY2N6HaVbTBvSXvw==",
      "license": "MIT",
      "engines": {
        "node": ">=18"
      }
    },
    "node_modules/@huggingface/tasks": {
      "version": "0.18.5",
      "resolved": "https://registry.npmjs.org/@huggingface/tasks/-/tasks-0.18.5.tgz",
      "integrity": "sha512-qux8VbuawNy7Gv+w2auLDkX3YQzHZhlRVAgpLatNi0eN6JVwQ92X1eDu39qa6HXVVuWVyri/NvnD2jg8QJlfOg==",
      "license": "MIT"
    },
    "node_modules/dotenv": {
      "version": "16.4.7",
      "resolved": "https://registry.npmjs.org/dotenv/-/dotenv-16.4.7.tgz",
      "integrity": "sha512-47qPchRCykZC03FhkYAhrvwU4xDBFIj1QPqaarj6mdM/hgUzfPHcpkHJOn3mJAufFeeAxAzeGsr5X0M4k6fLZQ==",
      "license": "BSD-2-Clause",
      "engines": {
        "node": ">=12"
      },
      "funding": {
        "url": "https://dotenvx.com"
      }
    }
  }
}
